{
  "version": 4,
  "terraform_version": "1.13.5",
  "serial": 1,
  "lineage": "90735acc-51d4-709b-fd3a-e1f2b8d134d0",
  "outputs": {},
  "resources": [
    {
      "mode": "managed",
      "type": "local_file",
      "name": "games",
      "provider": "provider[\"registry.terraform.io/hashicorp/local\"]",
      "instances": [
        {
          "schema_version": 0,
          "attributes": {
            "content": "RDR2",
            "content_base64": null,
            "content_base64sha256": "esmkvyyPbLZp7D9WetzCJiV/+2ZiY55i/tDho/vNP3Q=",
            "content_base64sha512": "xYrRWQpyIqDjCQtYlQTa723/yiiQK2w3kf9sDyLSMqchNiBurYzCdZg9uWCNWNofOdceoRlXcIPaCkjFKafXLA==",
            "content_md5": "cde5245784fd9c7b1b3bee9424bb2cb1",
            "content_sha1": "4e05482af2990c5dc9a4ff3972b6474ffe4903f3",
            "content_sha256": "7ac9a4bf2c8f6cb669ec3f567adcc226257ffb6662639e62fed0e1a3fbcd3f74",
            "content_sha512": "c58ad1590a7222a0e3090b589504daef6dffca28902b6c3791ff6c0f22d232a72136206ead8cc275983db9608d58da1f39d71ea119577083da0a48c529a7d72c",
            "directory_permission": "0777",
            "file_permission": "0777",
            "filename": "games.txt",
            "id": "4e05482af2990c5dc9a4ff3972b6474ffe4903f3",
            "sensitive_content": null,
            "source": null
          },
          "sensitive_attributes": [
            [
              {
                "type": "get_attr",
                "value": "sensitive_content"
              }
            ]
          ],
          "identity_schema_version": 0
        }
      ]
    }
  ],
  "check_results": null
}
