{
  "version": 4,
  "terraform_version": "1.13.5",
  "serial": 3,
  "lineage": "a27fe8af-a63b-8720-1fac-906200e5e768",
  "outputs": {},
  "resources": [
    {
      "mode": "managed",
      "type": "local_file",
      "name": "file",
      "provider": "provider[\"registry.terraform.io/hashicorp/local\"]",
      "instances": [
        {
          "schema_version": 0,
          "attributes": {
            "content": "fifa19",
            "content_base64": null,
            "content_base64sha256": "oJ8gLWVaHvo0jgwI779P4Q2CTqkivJ20V1bRa5g7dP0=",
            "content_base64sha512": "SCmpLFPe9W+/I8woFA5Ku1HkKPb6cKsNKIpLcfzRwRm61REM8YRUM4uuJZlIlcWrpMLbU7dUdMyzzlVqoNQp1w==",
            "content_md5": "33a3af3afefec0bb29e6f26c3121b696",
            "content_sha1": "319cdc22908f7842fae828adf6c939fe7ee76ba3",
            "content_sha256": "a09f202d655a1efa348e0c08efbf4fe10d824ea922bc9db45756d16b983b74fd",
            "content_sha512": "4829a92c53def56fbf23cc28140e4abb51e428f6fa70ab0d288a4b71fcd1c119bad5110cf18454338bae25994895c5aba4c2db53b75474ccb3ce556aa0d429d7",
            "directory_permission": "0777",
            "file_permission": "0777",
            "filename": "fifa.txt",
            "id": "319cdc22908f7842fae828adf6c939fe7ee76ba3",
            "sensitive_content": null,
            "source": null
          },
          "sensitive_attributes": [
            [
              {
                "type": "get_attr",
                "value": "sensitive_content"
              }
            ]
          ],
          "identity_schema_version": 0
        }
      ]
    },
    {
      "mode": "managed",
      "type": "random_pet",
      "name": "my-pet",
      "provider": "provider[\"registry.terraform.io/hashicorp/random\"]",
      "instances": [
        {
          "schema_version": 0,
          "attributes": {
            "id": "Mr.indirectly.exciting.seal",
            "keepers": null,
            "length": 3,
            "prefix": "Mr",
            "separator": "."
          },
          "sensitive_attributes": [],
          "identity_schema_version": 0
        }
      ]
    }
  ],
  "check_results": null
}
